
Microsoft Visual Studio Solution File, Format Version 12.00
# Visual Studio 2013
VisualStudioVersion = 12.0.31101.0
MinimumVisualStudioVersion = 10.0.40219.1
Project("{FAE04EC0-301F-11D3-BF4B-00C04F79EFBC}") = "1. Pro.Web", "1. Pro.Web.csproj", "{9F354CE9-8482-48B1-9AD5-7AB6348C374C}"
EndProject
Global
	GlobalSection(SolutionConfigurationPlatforms) = preSolution
		Debug|Any CPU = Debug|Any CPU
		Release|Any CPU = Release|Any CPU
	EndGlobalSection
	GlobalSection(ProjectConfigurationPlatforms) = postSolution
		{9F354CE9-8482-48B1-9AD5-7AB6348C374C}.Debug|Any CPU.ActiveCfg = Debug|Any CPU
		{9F354CE9-8482-48B1-9AD5-7AB6348C374C}.Debug|Any CPU.Build.0 = Debug|Any CPU
		{9F354CE9-8482-48B1-9AD5-7AB6348C374C}.Release|Any CPU.ActiveCfg = Release|Any CPU
		{9F354CE9-8482-48B1-9AD5-7AB6348C374C}.Release|Any CPU.Build.0 = Release|Any CPU
	EndGlobalSection
	GlobalSection(SolutionProperties) = preSolution
		HideSolutionNode = FALSE
	EndGlobalSection
EndGlobal
